
Microsoft Visual Studio Solution File, Format Version 12.00
# Visual Studio 14
VisualStudioVersion = 14.0.25420.1
MinimumVisualStudioVersion = 10.0.40219.1
Project("{FAE04EC0-301F-11D3-BF4B-00C04F79EFBC}") = "GreenQueen.WebAPI", "GreenQueen.WebAPI\GreenQueen.WebAPI.csproj", "{30E20419-F370-404F-BCFC-96DACE461666}"
EndProject
Project("{FAE04EC0-301F-11D3-BF4B-00C04F79EFBC}") = "GreenQueen.UI", "GreenQueen.UI\GreenQueen.UI.csproj", "{F9E58167-F218-474C-BDC0-196613A068D4}"
EndProject
Global
	GlobalSection(SolutionConfigurationPlatforms) = preSolution
		Debug|Any CPU = Debug|Any CPU
		Release|Any CPU = Release|Any CPU
	EndGlobalSection
	GlobalSection(ProjectConfigurationPlatforms) = postSolution
		{30E20419-F370-404F-BCFC-96DACE461666}.Debug|Any CPU.ActiveCfg = Debug|Any CPU
		{30E20419-F370-404F-BCFC-96DACE461666}.Debug|Any CPU.Build.0 = Debug|Any CPU
		{30E20419-F370-404F-BCFC-96DACE461666}.Release|Any CPU.ActiveCfg = Release|Any CPU
		{30E20419-F370-404F-BCFC-96DACE461666}.Release|Any CPU.Build.0 = Release|Any CPU
		{F9E58167-F218-474C-BDC0-196613A068D4}.Debug|Any CPU.ActiveCfg = Debug|Any CPU
		{F9E58167-F218-474C-BDC0-196613A068D4}.Debug|Any CPU.Build.0 = Debug|Any CPU
		{F9E58167-F218-474C-BDC0-196613A068D4}.Release|Any CPU.ActiveCfg = Release|Any CPU
		{F9E58167-F218-474C-BDC0-196613A068D4}.Release|Any CPU.Build.0 = Release|Any CPU
	EndGlobalSection
	GlobalSection(SolutionProperties) = preSolution
		HideSolutionNode = FALSE
	EndGlobalSection
EndGlobal
